
Microsoft Visual Studio Solution File, Format Version 12.00
# Visual Studio 15
VisualStudioVersion = 15.0.28307.852
MinimumVisualStudioVersion = 10.0.40219.1
Project("{FAE04EC0-301F-11D3-BF4B-00C04F79EFBC}") = "ConfigTransformerCore", "src\ConfigTransformerCore\ConfigTransformerCore.csproj", "{061DCE0D-EB7F-43AC-93CF-EB6B64FF9311}"
EndProject
Project("{FAE04EC0-301F-11D3-BF4B-00C04F79EFBC}") = "ConfigTransformerCore.Tests", "test\ConfigTransformerCore.Tests\ConfigTransformerCore.Tests.csproj", "{EAD8FD28-45A1-4073-A2F4-5540813C474B}"
EndProject
Project("{2150E333-8FDC-42A3-9474-1A3956D46DE8}") = "Solution Files", "Solution Files", "{46CCF93C-4C96-4F11-A24D-F795AB2CD4C4}"
EndProject
Global
	GlobalSection(SolutionConfigurationPlatforms) = preSolution
		Debug|Any CPU = Debug|Any CPU
		Release|Any CPU = Release|Any CPU
	EndGlobalSection
	GlobalSection(ProjectConfigurationPlatforms) = postSolution
		{061DCE0D-EB7F-43AC-93CF-EB6B64FF9311}.Debug|Any CPU.ActiveCfg = Debug|Any CPU
		{061DCE0D-EB7F-43AC-93CF-EB6B64FF9311}.Debug|Any CPU.Build.0 = Debug|Any CPU
		{061DCE0D-EB7F-43AC-93CF-EB6B64FF9311}.Release|Any CPU.ActiveCfg = Release|Any CPU
		{061DCE0D-EB7F-43AC-93CF-EB6B64FF9311}.Release|Any CPU.Build.0 = Release|Any CPU
		{EAD8FD28-45A1-4073-A2F4-5540813C474B}.Debug|Any CPU.ActiveCfg = Debug|Any CPU
		{EAD8FD28-45A1-4073-A2F4-5540813C474B}.Debug|Any CPU.Build.0 = Debug|Any CPU
		{EAD8FD28-45A1-4073-A2F4-5540813C474B}.Release|Any CPU.ActiveCfg = Release|Any CPU
		{EAD8FD28-45A1-4073-A2F4-5540813C474B}.Release|Any CPU.Build.0 = Release|Any CPU
	EndGlobalSection
	GlobalSection(SolutionProperties) = preSolution
		HideSolutionNode = FALSE
	EndGlobalSection
	GlobalSection(ExtensibilityGlobals) = postSolution
		SolutionGuid = {74AE9AB1-DF03-4FC4-B7BF-2ECA6182FF00}
	EndGlobalSection
EndGlobal
